
Microsoft Visual Studio Solution File, Format Version 12.00
# Visual Studio Version 16
VisualStudioVersion = 16.0.31624.102
MinimumVisualStudioVersion = 10.0.40219.1
Project("{FAE04EC0-301F-11D3-BF4B-00C04F79EFBC}") = "AdminBlog", "AdminBlog\AdminBlog.csproj", "{CD48D5BD-5769-4871-8D6A-C10F639E8A57}"
EndProject
Global
	GlobalSection(SolutionConfigurationPlatforms) = preSolution
		Debug|Any CPU = Debug|Any CPU
		Release|Any CPU = Release|Any CPU
	EndGlobalSection
	GlobalSection(ProjectConfigurationPlatforms) = postSolution
		{CD48D5BD-5769-4871-8D6A-C10F639E8A57}.Debug|Any CPU.ActiveCfg = Debug|Any CPU
		{CD48D5BD-5769-4871-8D6A-C10F639E8A57}.Debug|Any CPU.Build.0 = Debug|Any CPU
		{CD48D5BD-5769-4871-8D6A-C10F639E8A57}.Release|Any CPU.ActiveCfg = Release|Any CPU
		{CD48D5BD-5769-4871-8D6A-C10F639E8A57}.Release|Any CPU.Build.0 = Release|Any CPU
	EndGlobalSection
	GlobalSection(SolutionProperties) = preSolution
		HideSolutionNode = FALSE
	EndGlobalSection
	GlobalSection(ExtensibilityGlobals) = postSolution
		SolutionGuid = {EE659F10-477D-4F7B-B967-F13EC1579A50}
	EndGlobalSection
EndGlobal
